
Microsoft Visual Studio Solution File, Format Version 12.00
# Visual Studio Version 17
VisualStudioVersion = 17.9.34616.47
MinimumVisualStudioVersion = 10.0.40219.1
Project("{FAE04EC0-301F-11D3-BF4B-00C04F79EFBC}") = "EjercicioAutomovil", "EjercicioAutomovil\EjercicioAutomovil.csproj", "{01D178B8-0B62-4ABB-9268-C50298B8107D}"
EndProject
Global
	GlobalSection(SolutionConfigurationPlatforms) = preSolution
		Debug|Any CPU = Debug|Any CPU
		Release|Any CPU = Release|Any CPU
	EndGlobalSection
	GlobalSection(ProjectConfigurationPlatforms) = postSolution
		{01D178B8-0B62-4ABB-9268-C50298B8107D}.Debug|Any CPU.ActiveCfg = Debug|Any CPU
		{01D178B8-0B62-4ABB-9268-C50298B8107D}.Debug|Any CPU.Build.0 = Debug|Any CPU
		{01D178B8-0B62-4ABB-9268-C50298B8107D}.Release|Any CPU.ActiveCfg = Release|Any CPU
		{01D178B8-0B62-4ABB-9268-C50298B8107D}.Release|Any CPU.Build.0 = Release|Any CPU
	EndGlobalSection
	GlobalSection(SolutionProperties) = preSolution
		HideSolutionNode = FALSE
	EndGlobalSection
	GlobalSection(ExtensibilityGlobals) = postSolution
		SolutionGuid = {C89911D0-1C07-4F9A-BA1E-CBAAB37C1EDF}
	EndGlobalSection
EndGlobal
